
Microsoft Visual Studio Solution File, Format Version 12.00
# Visual Studio Version 17
VisualStudioVersion = 17.4.33205.214
MinimumVisualStudioVersion = 10.0.40219.1
Project("{FAE04EC0-301F-11D3-BF4B-00C04F79EFBC}") = "ClassificationsGeneration", "ClassificationsGeneration\ClassificationsGeneration.csproj", "{049076B1-AFFE-4FF1-8051-F1E5808609ED}"
EndProject
Global
	GlobalSection(SolutionConfigurationPlatforms) = preSolution
		Debug|Any CPU = Debug|Any CPU
		Release|Any CPU = Release|Any CPU
	EndGlobalSection
	GlobalSection(ProjectConfigurationPlatforms) = postSolution
		{049076B1-AFFE-4FF1-8051-F1E5808609ED}.Debug|Any CPU.ActiveCfg = Debug|Any CPU
		{049076B1-AFFE-4FF1-8051-F1E5808609ED}.Debug|Any CPU.Build.0 = Debug|Any CPU
		{049076B1-AFFE-4FF1-8051-F1E5808609ED}.Release|Any CPU.ActiveCfg = Release|Any CPU
		{049076B1-AFFE-4FF1-8051-F1E5808609ED}.Release|Any CPU.Build.0 = Release|Any CPU
	EndGlobalSection
	GlobalSection(SolutionProperties) = preSolution
		HideSolutionNode = FALSE
	EndGlobalSection
	GlobalSection(ExtensibilityGlobals) = postSolution
		SolutionGuid = {4C653E96-2462-4D28-A163-FEA952D36835}
	EndGlobalSection
EndGlobal
